{"1.1.0",
[{<<"certifi">>,{pkg,<<"certifi">>,<<"0.7.0">>},3},
 {<<"cowlib">>,
  {git,"git://github.com/extend/cowlib.git",
       {ref,"14e597baa42a436469f99661ed7994685e269dc2"}},
  2},
 {<<"epgsql">>,
  {git,"git://github.com/epgsql/epgsql.git",
       {ref,"b4bbfdabbeef91ea2586fb00518e7595af24df49"}},
  0},
 {<<"erlsom">>,{pkg,<<"erlsom">>,<<"1.4.1">>},2},
 {<<"estatsd">>,
  {git,"https://github.com/RJ/estatsd.git",
       {ref,"2643d305154af098650865bec28c9131964fea1f"}},
  0},
 {<<"goldrush">>,
  {git,"git://github.com/DeadZen/goldrush.git",
       {ref,"212299233c7e7eb63a97be2777e1c05ebaa58dbe"}},
  1},
 {<<"gun">>,
  {git,"git://github.com/ninenines/gun.git",
       {ref,"383a643a971439c6fd8ee4611ecc35c0a65f4538"}},
  1},
 {<<"hackney">>,{pkg,<<"hackney">>,<<"1.6.5">>},2},
 {<<"idna">>,{pkg,<<"idna">>,<<"1.2.0">>},3},
 {<<"jsone">>,{pkg,<<"jsone">>,<<"1.2.3">>},1},
 {<<"jsx">>,
  {git,"https://github.com/talentdeficit/jsx.git",
       {ref,"3074d4865b3385a050badf7828ad31490d860df5"}},
  0},
 {<<"lager">>,
  {git,"https://github.com/basho/lager.git",
       {ref,"8187757388c9adc915379caaab36a2f2ca26e944"}},
  0},
 {<<"levenshtein">>,
  {git,"https://github.com/rschlaikjer/erlang-levenshtein.git",
       {ref,"0ec85cdfc7f5ecc2ecf2f20b29418b5d9fa378ea"}},
  0},
 {<<"metrics">>,{pkg,<<"metrics">>,<<"1.0.1">>},3},
 {<<"mimerl">>,{pkg,<<"mimerl">>,<<"1.0.2">>},3},
 {<<"mochiweb_util">>,{pkg,<<"mochiweb_util">>,<<"0.1.0">>},2},
 {<<"oauth">>,
  {git,"https://github.com/tim/erlang-oauth.git",
       {ref,"bd19896e31125f99ff45bb5850b1c0e74b996743"}},
  0},
 {<<"oauth2c">>,
  {git,"https://github.com/kivra/oauth2_client.git",
       {ref,"e363a2063458629f8013fc83d2e4e06e3286caec"}},
  0},
 {<<"pgapp">>,
  {git,"https://github.com/epgsql/pgapp.git",
       {ref,"7183895ba8a30a8707ee5b197e64e24f1870a2d9"}},
  0},
 {<<"poolboy">>,
  {git,"git://github.com/devinus/poolboy.git",
       {ref,"fa87a6e51534d02c04a118a2f037d0ff296f2309"}},
  1},
 {<<"ranch">>,
  {git,"git://github.com/extend/ranch.git",
       {ref,"8eaae552ec520605b7f4b0e5943256d2b5e3621c"}},
  2},
 {<<"raven">>,
  {git,"https://github.com/asabil/raven-erlang.git",
       {ref,"6bfe9484425ac71ee83736f9d0394a063bf65112"}},
  0},
 {<<"restc">>,{pkg,<<"restc">>,<<"0.4.1">>},1},
 {<<"slack_rtm">>,
  {git,"https://github.com/rschlaikjer/erlang-slack-rtm-api.git",
       {ref,"4786764b808d9510bbffb8a2781b339139175a36"}},
  0},
 {<<"ssl_verify_fun">>,{pkg,<<"ssl_verify_fun">>,<<"1.1.1">>},3}]}.
[
{pkg_hash,[
 {<<"certifi">>, <<"861A57F3808F7EB0C2D1802AFEAAE0FA5DE813B0DF0979153CBAFCD853ABABAF">>},
 {<<"erlsom">>, <<"53DBACF35ADFEA6F0714FD0E4A7B0720D495E88C5E24E12C5DC88C7B62BD3E49">>},
 {<<"hackney">>, <<"8C025EE397AC94A184B0743C73B33B96465E85F90A02E210E86DF6CBAFAA5065">>},
 {<<"idna">>, <<"AC62EE99DA068F43C50DC69ACF700E03A62A348360126260E87F2B54ECED86B2">>},
 {<<"jsone">>, <<"D2E9979326BDAACF50AB0E52C80F53D74CDED93D1AE21FABCF66346238CC0322">>},
 {<<"metrics">>, <<"25F094DEA2CDA98213CECC3AEFF09E940299D950904393B2A29D191C346A8486">>},
 {<<"mimerl">>, <<"993F9B0E084083405ED8252B99460C4F0563E41729AB42D9074FD5E52439BE88">>},
 {<<"mochiweb_util">>, <<"ECD20D44C6A8E19D1D6E5FE6921E55E921DA6E42F8757A00FF901C7AD4DC5D3D">>},
 {<<"restc">>, <<"CFB914424ECE654545E579BCA54468347003EE08558A6AB3CE1E47BD127C9288">>},
 {<<"ssl_verify_fun">>, <<"28A4D65B7F59893BC2C7DE786DEC1E1555BD742D336043FE644AE956C3497FBE">>}]}
].
